// !$*UTF8*$!
{
	archiveVersion = 1;
	classes = {
	};
	objectVersion = 50;
	objects = {

/* Begin PBXBuildFile section */
		ABFB89B926CBB74D00842864 /* main.cpp in Sources */ = {isa = PBXBuildFile; fileRef = ABFB89B826CBB74D00842864 /* main.cpp */; };
		ABFB89C126CBB76400842864 /* libassimp.dylib in Frameworks */ = {isa = PBXBuildFile; fileRef = ABFB89C026CBB76400842864 /* libassimp.dylib */; };
		ABFB89C326CBB76C00842864 /* libGLEW.dylib in Frameworks */ = {isa = PBXBuildFile; fileRef = ABFB89C226CBB76C00842864 /* libGLEW.dylib */; };
		ABFB89C526CBB77000842864 /* libglfw.dylib in Frameworks */ = {isa = PBXBuildFile; fileRef = ABFB89C426CBB77000842864 /* libglfw.dylib */; };
		ABFB89C726CBB7C200842864 /* glad.c in Sources */ = {isa = PBXBuildFile; fileRef = ABFB89C626CBB7C200842864 /* glad.c */; };
		ABFB89D026CBB7FC00842864 /* Model.cpp in Sources */ = {isa = PBXBuildFile; fileRef = ABFB89C826CBB7FC00842864 /* Model.cpp */; };
		ABFB89D126CBB7FC00842864 /* Camera.cpp in Sources */ = {isa = PBXBuildFile; fileRef = ABFB89CA26CBB7FC00842864 /* Camera.cpp */; };
		ABFB89D226CBB7FC00842864 /* Mesh.cpp in Sources */ = {isa = PBXBuildFile; fileRef = ABFB89CE26CBB7FC00842864 /* Mesh.cpp */; };
/* End PBXBuildFile section */

/* Begin PBXCopyFilesBuildPhase section */
		ABFB89B326CBB74D00842864 /* CopyFiles */ = {
			isa = PBXCopyFilesBuildPhase;
			buildActionMask = 2147483647;
			dstPath = /usr/share/man/man1/;
			dstSubfolderSpec = 0;
			files = (
			);
			runOnlyForDeploymentPostprocessing = 1;
		};
/* End PBXCopyFilesBuildPhase section */

/* Begin PBXFileReference section */
		ABFB89B526CBB74D00842864 /* OpenGL_Test29_IBL */ = {isa = PBXFileReference; explicitFileType = "compiled.mach-o.executable"; includeInIndex = 0; path = OpenGL_Test29_IBL; sourceTree = BUILT_PRODUCTS_DIR; };
		ABFB89B826CBB74D00842864 /* main.cpp */ = {isa = PBXFileReference; lastKnownFileType = sourcecode.cpp.cpp; path = main.cpp; sourceTree = "<group>"; };
		ABFB89C026CBB76400842864 /* libassimp.dylib */ = {isa = PBXFileReference; lastKnownFileType = "compiled.mach-o.dylib"; name = libassimp.dylib; path = ../../../assimp/5.0.1/lib/libassimp.dylib; sourceTree = "<group>"; };
		ABFB89C226CBB76C00842864 /* libGLEW.dylib */ = {isa = PBXFileReference; lastKnownFileType = "compiled.mach-o.dylib"; name = libGLEW.dylib; path = ../../../glew/2.2.0_1/lib/libGLEW.dylib; sourceTree = "<group>"; };
		ABFB89C426CBB77000842864 /* libglfw.dylib */ = {isa = PBXFileReference; lastKnownFileType = "compiled.mach-o.dylib"; name = libglfw.dylib; path = ../../../glfw/3.3.4/lib/libglfw.dylib; sourceTree = "<group>"; };
		ABFB89C626CBB7C200842864 /* glad.c */ = {isa = PBXFileReference; fileEncoding = 4; lastKnownFileType = sourcecode.c.c; name = glad.c; path = ../../../../glad/src/glad.c; sourceTree = "<group>"; };
		ABFB89C826CBB7FC00842864 /* Model.cpp */ = {isa = PBXFileReference; fileEncoding = 4; lastKnownFileType = sourcecode.cpp.cpp; path = Model.cpp; sourceTree = "<group>"; };
		ABFB89C926CBB7FC00842864 /* Shader.h */ = {isa = PBXFileReference; fileEncoding = 4; lastKnownFileType = sourcecode.c.h; path = Shader.h; sourceTree = "<group>"; };
		ABFB89CA26CBB7FC00842864 /* Camera.cpp */ = {isa = PBXFileReference; fileEncoding = 4; lastKnownFileType = sourcecode.cpp.cpp; path = Camera.cpp; sourceTree = "<group>"; };
		ABFB89CB26CBB7FC00842864 /* stb_image.h */ = {isa = PBXFileReference; fileEncoding = 4; lastKnownFileType = sourcecode.c.h; path = stb_image.h; sourceTree = "<group>"; };
		ABFB89CC26CBB7FC00842864 /* Mesh.hpp */ = {isa = PBXFileReference; fileEncoding = 4; lastKnownFileType = sourcecode.cpp.h; path = Mesh.hpp; sourceTree = "<group>"; };
		ABFB89CD26CBB7FC00842864 /* Camera.hpp */ = {isa = PBXFileReference; fileEncoding = 4; lastKnownFileType = sourcecode.cpp.h; path = Camera.hpp; sourceTree = "<group>"; };
		ABFB89CE26CBB7FC00842864 /* Mesh.cpp */ = {isa = PBXFileReference; fileEncoding = 4; lastKnownFileType = sourcecode.cpp.cpp; path = Mesh.cpp; sourceTree = "<group>"; };
		ABFB89CF26CBB7FC00842864 /* Model.hpp */ = {isa = PBXFileReference; fileEncoding = 4; lastKnownFileType = sourcecode.cpp.h; path = Model.hpp; sourceTree = "<group>"; };
		ABFB89D426CBB80300842864 /* PBR.fs */ = {isa = PBXFileReference; lastKnownFileType = sourcecode.glsl; path = PBR.fs; sourceTree = "<group>"; };
		ABFB89D526CBB80300842864 /* PBR.vs */ = {isa = PBXFileReference; lastKnownFileType = sourcecode.glsl; path = PBR.vs; sourceTree = "<group>"; };
		ABFB89D626CCA96400842864 /* CubeMap.fs */ = {isa = PBXFileReference; lastKnownFileType = sourcecode.glsl; path = CubeMap.fs; sourceTree = "<group>"; };
		ABFB89D726CCA96400842864 /* CubeMap.vs */ = {isa = PBXFileReference; lastKnownFileType = sourcecode.glsl; path = CubeMap.vs; sourceTree = "<group>"; };
		ABFB89D826CCDF4400842864 /* Background.fs */ = {isa = PBXFileReference; lastKnownFileType = sourcecode.glsl; path = Background.fs; sourceTree = "<group>"; };
		ABFB89D926CCDF4400842864 /* Background.vs */ = {isa = PBXFileReference; lastKnownFileType = sourcecode.glsl; path = Background.vs; sourceTree = "<group>"; };
		ABFB89DA26CD024400842864 /* Irradiance_Convolution.fs */ = {isa = PBXFileReference; lastKnownFileType = sourcecode.glsl; path = Irradiance_Convolution.fs; sourceTree = "<group>"; };
		ABFB89DB26CD024400842864 /* Irradiance_Convolution.vs */ = {isa = PBXFileReference; lastKnownFileType = sourcecode.glsl; path = Irradiance_Convolution.vs; sourceTree = "<group>"; };
		ABFB89DC26CE00A000842864 /* Prefilter.fs */ = {isa = PBXFileReference; lastKnownFileType = sourcecode.glsl; path = Prefilter.fs; sourceTree = "<group>"; };
		ABFB89DD26CE00A000842864 /* BRDF.fs */ = {isa = PBXFileReference; lastKnownFileType = sourcecode.glsl; path = BRDF.fs; sourceTree = "<group>"; };
		ABFB89DE26CE00A000842864 /* BRDF.vs */ = {isa = PBXFileReference; lastKnownFileType = sourcecode.glsl; path = BRDF.vs; sourceTree = "<group>"; };
		ABFB89DF26CE00A000842864 /* Prefilter.vs */ = {isa = PBXFileReference; lastKnownFileType = sourcecode.glsl; path = Prefilter.vs; sourceTree = "<group>"; };
		ABFB89E226CE30DF00842864 /* ErrorDebug.h */ = {isa = PBXFileReference; lastKnownFileType = sourcecode.c.h; path = ErrorDebug.h; sourceTree = "<group>"; };
/* End PBXFileReference section */

/* Begin PBXFrameworksBuildPhase section */
		ABFB89B226CBB74D00842864 /* Frameworks */ = {
			isa = PBXFrameworksBuildPhase;
			buildActionMask = 2147483647;
			files = (
				ABFB89C126CBB76400842864 /* libassimp.dylib in Frameworks */,
				ABFB89C526CBB77000842864 /* libglfw.dylib in Frameworks */,
				ABFB89C326CBB76C00842864 /* libGLEW.dylib in Frameworks */,
			);
			runOnlyForDeploymentPostprocessing = 0;
		};
/* End PBXFrameworksBuildPhase section */

/* Begin PBXGroup section */
		ABFB89AC26CBB74D00842864 = {
			isa = PBXGroup;
			children = (
				ABFB89B726CBB74D00842864 /* OpenGL_Test29_IBL */,
				ABFB89B626CBB74D00842864 /* Products */,
				ABFB89BF26CBB76400842864 /* Frameworks */,
			);
			sourceTree = "<group>";
		};
		ABFB89B626CBB74D00842864 /* Products */ = {
			isa = PBXGroup;
			children = (
				ABFB89B526CBB74D00842864 /* OpenGL_Test29_IBL */,
			);
			name = Products;
			sourceTree = "<group>";
		};
		ABFB89B726CBB74D00842864 /* OpenGL_Test29_IBL */ = {
			isa = PBXGroup;
			children = (
				ABFB89D326CBB80300842864 /* LightShader */,
				ABFB89CA26CBB7FC00842864 /* Camera.cpp */,
				ABFB89CD26CBB7FC00842864 /* Camera.hpp */,
				ABFB89CE26CBB7FC00842864 /* Mesh.cpp */,
				ABFB89CC26CBB7FC00842864 /* Mesh.hpp */,
				ABFB89C826CBB7FC00842864 /* Model.cpp */,
				ABFB89CF26CBB7FC00842864 /* Model.hpp */,
				ABFB89C926CBB7FC00842864 /* Shader.h */,
				ABFB89CB26CBB7FC00842864 /* stb_image.h */,
				ABFB89C626CBB7C200842864 /* glad.c */,
				ABFB89B826CBB74D00842864 /* main.cpp */,
				ABFB89E226CE30DF00842864 /* ErrorDebug.h */,
			);
			path = OpenGL_Test29_IBL;
			sourceTree = "<group>";
		};
		ABFB89BF26CBB76400842864 /* Frameworks */ = {
			isa = PBXGroup;
			children = (
				ABFB89C426CBB77000842864 /* libglfw.dylib */,
				ABFB89C226CBB76C00842864 /* libGLEW.dylib */,
				ABFB89C026CBB76400842864 /* libassimp.dylib */,
			);
			name = Frameworks;
			sourceTree = "<group>";
		};
		ABFB89D326CBB80300842864 /* LightShader */ = {
			isa = PBXGroup;
			children = (
				ABFB89D526CBB80300842864 /* PBR.vs */,
				ABFB89D426CBB80300842864 /* PBR.fs */,
				ABFB89D726CCA96400842864 /* CubeMap.vs */,
				ABFB89D626CCA96400842864 /* CubeMap.fs */,
				ABFB89DB26CD024400842864 /* Irradiance_Convolution.vs */,
				ABFB89DA26CD024400842864 /* Irradiance_Convolution.fs */,
				ABFB89DF26CE00A000842864 /* Prefilter.vs */,
				ABFB89DC26CE00A000842864 /* Prefilter.fs */,
				ABFB89DE26CE00A000842864 /* BRDF.vs */,
				ABFB89DD26CE00A000842864 /* BRDF.fs */,
				ABFB89D926CCDF4400842864 /* Background.vs */,
				ABFB89D826CCDF4400842864 /* Background.fs */,
			);
			path = LightShader;
			sourceTree = "<group>";
		};
/* End PBXGroup section */

/* Begin PBXNativeTarget section */
		ABFB89B426CBB74D00842864 /* OpenGL_Test29_IBL */ = {
			isa = PBXNativeTarget;
			buildConfigurationList = ABFB89BC26CBB74D00842864 /* Build configuration list for PBXNativeTarget "OpenGL_Test29_IBL" */;
			buildPhases = (
				ABFB89B126CBB74D00842864 /* Sources */,
				ABFB89B226CBB74D00842864 /* Frameworks */,
				ABFB89B326CBB74D00842864 /* CopyFiles */,
			);
			buildRules = (
			);
			dependencies = (
			);
			name = OpenGL_Test29_IBL;
			productName = OpenGL_Test29_IBL;
			productReference = ABFB89B526CBB74D00842864 /* OpenGL_Test29_IBL */;
			productType = "com.apple.product-type.tool";
		};
/* End PBXNativeTarget section */

/* Begin PBXProject section */
		ABFB89AD26CBB74D00842864 /* Project object */ = {
			isa = PBXProject;
			attributes = {
				LastUpgradeCheck = 1250;
				TargetAttributes = {
					ABFB89B426CBB74D00842864 = {
						CreatedOnToolsVersion = 12.5.1;
					};
				};
			};
			buildConfigurationList = ABFB89B026CBB74D00842864 /* Build configuration list for PBXProject "OpenGL_Test29_IBL" */;
			compatibilityVersion = "Xcode 9.3";
			developmentRegion = en;
			hasScannedForEncodings = 0;
			knownRegions = (
				en,
				Base,
			);
			mainGroup = ABFB89AC26CBB74D00842864;
			productRefGroup = ABFB89B626CBB74D00842864 /* Products */;
			projectDirPath = "";
			projectRoot = "";
			targets = (
				ABFB89B426CBB74D00842864 /* OpenGL_Test29_IBL */,
			);
		};
/* End PBXProject section */

/* Begin PBXSourcesBuildPhase section */
		ABFB89B126CBB74D00842864 /* Sources */ = {
			isa = PBXSourcesBuildPhase;
			buildActionMask = 2147483647;
			files = (
				ABFB89D126CBB7FC00842864 /* Camera.cpp in Sources */,
				ABFB89D026CBB7FC00842864 /* Model.cpp in Sources */,
				ABFB89B926CBB74D00842864 /* main.cpp in Sources */,
				ABFB89C726CBB7C200842864 /* glad.c in Sources */,
				ABFB89D226CBB7FC00842864 /* Mesh.cpp in Sources */,
			);
			runOnlyForDeploymentPostprocessing = 0;
		};
/* End PBXSourcesBuildPhase section */

/* Begin XCBuildConfiguration section */
		ABFB89BA26CBB74D00842864 /* Debug */ = {
			isa = XCBuildConfiguration;
			buildSettings = {
				ALWAYS_SEARCH_USER_PATHS = NO;
				CLANG_ANALYZER_NONNULL = YES;
				CLANG_ANALYZER_NUMBER_OBJECT_CONVERSION = YES_AGGRESSIVE;
				CLANG_CXX_LANGUAGE_STANDARD = "gnu++14";
				CLANG_CXX_LIBRARY = "libc++";
				CLANG_ENABLE_MODULES = YES;
				CLANG_ENABLE_OBJC_ARC = YES;
				CLANG_ENABLE_OBJC_WEAK = YES;
				CLANG_WARN_BLOCK_CAPTURE_AUTORELEASING = YES;
				CLANG_WARN_BOOL_CONVERSION = YES;
				CLANG_WARN_COMMA = YES;
				CLANG_WARN_CONSTANT_CONVERSION = YES;
				CLANG_WARN_DEPRECATED_OBJC_IMPLEMENTATIONS = YES;
				CLANG_WARN_DIRECT_OBJC_ISA_USAGE = YES_ERROR;
				CLANG_WARN_DOCUMENTATION_COMMENTS = YES;
				CLANG_WARN_EMPTY_BODY = YES;
				CLANG_WARN_ENUM_CONVERSION = YES;
				CLANG_WARN_INFINITE_RECURSION = YES;
				CLANG_WARN_INT_CONVERSION = YES;
				CLANG_WARN_NON_LITERAL_NULL_CONVERSION = YES;
				CLANG_WARN_OBJC_IMPLICIT_RETAIN_SELF = YES;
				CLANG_WARN_OBJC_LITERAL_CONVERSION = YES;
				CLANG_WARN_OBJC_ROOT_CLASS = YES_ERROR;
				CLANG_WARN_QUOTED_INCLUDE_IN_FRAMEWORK_HEADER = YES;
				CLANG_WARN_RANGE_LOOP_ANALYSIS = YES;
				CLANG_WARN_STRICT_PROTOTYPES = YES;
				CLANG_WARN_SUSPICIOUS_MOVE = YES;
				CLANG_WARN_UNGUARDED_AVAILABILITY = YES_AGGRESSIVE;
				CLANG_WARN_UNREACHABLE_CODE = YES;
				CLANG_WARN__DUPLICATE_METHOD_MATCH = YES;
				COPY_PHASE_STRIP = NO;
				DEBUG_INFORMATION_FORMAT = dwarf;
				ENABLE_STRICT_OBJC_MSGSEND = YES;
				ENABLE_TESTABILITY = YES;
				GCC_C_LANGUAGE_STANDARD = gnu11;
				GCC_DYNAMIC_NO_PIC = NO;
				GCC_NO_COMMON_BLOCKS = YES;
				GCC_OPTIMIZATION_LEVEL = 0;
				GCC_PREPROCESSOR_DEFINITIONS = (
					"DEBUG=1",
					"$(inherited)",
				);
				GCC_WARN_64_TO_32_BIT_CONVERSION = YES;
				GCC_WARN_ABOUT_RETURN_TYPE = YES_ERROR;
				GCC_WARN_UNDECLARED_SELECTOR = YES;
				GCC_WARN_UNINITIALIZED_AUTOS = YES_AGGRESSIVE;
				GCC_WARN_UNUSED_FUNCTION = YES;
				GCC_WARN_UNUSED_VARIABLE = YES;
				MACOSX_DEPLOYMENT_TARGET = 11.3;
				MTL_ENABLE_DEBUG_INFO = INCLUDE_SOURCE;
				MTL_FAST_MATH = YES;
				ONLY_ACTIVE_ARCH = YES;
				SDKROOT = macosx;
			};
			name = Debug;
		};
		ABFB89BB26CBB74D00842864 /* Release */ = {
			isa = XCBuildConfiguration;
			buildSettings = {
				ALWAYS_SEARCH_USER_PATHS = NO;
				CLANG_ANALYZER_NONNULL = YES;
				CLANG_ANALYZER_NUMBER_OBJECT_CONVERSION = YES_AGGRESSIVE;
				CLANG_CXX_LANGUAGE_STANDARD = "gnu++14";
				CLANG_CXX_LIBRARY = "libc++";
				CLANG_ENABLE_MODULES = YES;
				CLANG_ENABLE_OBJC_ARC = YES;
				CLANG_ENABLE_OBJC_WEAK = YES;
				CLANG_WARN_BLOCK_CAPTURE_AUTORELEASING = YES;
				CLANG_WARN_BOOL_CONVERSION = YES;
				CLANG_WARN_COMMA = YES;
				CLANG_WARN_CONSTANT_CONVERSION = YES;
				CLANG_WARN_DEPRECATED_OBJC_IMPLEMENTATIONS = YES;
				CLANG_WARN_DIRECT_OBJC_ISA_USAGE = YES_ERROR;
				CLANG_WARN_DOCUMENTATION_COMMENTS = YES;
				CLANG_WARN_EMPTY_BODY = YES;
				CLANG_WARN_ENUM_CONVERSION = YES;
				CLANG_WARN_INFINITE_RECURSION = YES;
				CLANG_WARN_INT_CONVERSION = YES;
				CLANG_WARN_NON_LITERAL_NULL_CONVERSION = YES;
				CLANG_WARN_OBJC_IMPLICIT_RETAIN_SELF = YES;
				CLANG_WARN_OBJC_LITERAL_CONVERSION = YES;
				CLANG_WARN_OBJC_ROOT_CLASS = YES_ERROR;
				CLANG_WARN_QUOTED_INCLUDE_IN_FRAMEWORK_HEADER = YES;
				CLANG_WARN_RANGE_LOOP_ANALYSIS = YES;
				CLANG_WARN_STRICT_PROTOTYPES = YES;
				CLANG_WARN_SUSPICIOUS_MOVE = YES;
				CLANG_WARN_UNGUARDED_AVAILABILITY = YES_AGGRESSIVE;
				CLANG_WARN_UNREACHABLE_CODE = YES;
				CLANG_WARN__DUPLICATE_METHOD_MATCH = YES;
				COPY_PHASE_STRIP = NO;
				DEBUG_INFORMATION_FORMAT = "dwarf-with-dsym";
				ENABLE_NS_ASSERTIONS = NO;
				ENABLE_STRICT_OBJC_MSGSEND = YES;
				GCC_C_LANGUAGE_STANDARD = gnu11;
				GCC_NO_COMMON_BLOCKS = YES;
				GCC_WARN_64_TO_32_BIT_CONVERSION = YES;
				GCC_WARN_ABOUT_RETURN_TYPE = YES_ERROR;
				GCC_WARN_UNDECLARED_SELECTOR = YES;
				GCC_WARN_UNINITIALIZED_AUTOS = YES_AGGRESSIVE;
				GCC_WARN_UNUSED_FUNCTION = YES;
				GCC_WARN_UNUSED_VARIABLE = YES;
				MACOSX_DEPLOYMENT_TARGET = 11.3;
				MTL_ENABLE_DEBUG_INFO = NO;
				MTL_FAST_MATH = YES;
				SDKROOT = macosx;
			};
			name = Release;
		};
		ABFB89BD26CBB74D00842864 /* Debug */ = {
			isa = XCBuildConfiguration;
			buildSettings = {
				CODE_SIGN_STYLE = Automatic;
				HEADER_SEARCH_PATHS = (
					"\"$(SRCROOT)/../../../assimp/5.0.1/include\"",
					"\"$(SRCROOT)/../../../glad/include\"",
					"\"$(SRCROOT)/../../../glew/2.2.0_1/include\"",
					"\"$(SRCROOT)/../../../glfw/3.3.4/include\"",
					"\"$(SRCROOT)/../../../glm/0.9.9.8/include\"",
				);
				LIBRARY_SEARCH_PATHS = (
					"\"$(SRCROOT)/../../../glfw/3.3.4/lib\"",
					"\"$(SRCROOT)/../../../glew/2.2.0_1/lib\"",
					"\"$(SRCROOT)/../../../assimp/5.0.1/lib\"",
				);
				PRODUCT_NAME = "$(TARGET_NAME)";
			};
			name = Debug;
		};
		ABFB89BE26CBB74D00842864 /* Release */ = {
			isa = XCBuildConfiguration;
			buildSettings = {
				CODE_SIGN_STYLE = Automatic;
				HEADER_SEARCH_PATHS = (
					"\"$(SRCROOT)/../../../assimp/5.0.1/include\"",
					"\"$(SRCROOT)/../../../glad/include\"",
					"\"$(SRCROOT)/../../../glew/2.2.0_1/include\"",
					"\"$(SRCROOT)/../../../glfw/3.3.4/include\"",
					"\"$(SRCROOT)/../../../glm/0.9.9.8/include\"",
				);
				LIBRARY_SEARCH_PATHS = (
					"\"$(SRCROOT)/../../../glfw/3.3.4/lib\"",
					"\"$(SRCROOT)/../../../glew/2.2.0_1/lib\"",
					"\"$(SRCROOT)/../../../assimp/5.0.1/lib\"",
				);
				PRODUCT_NAME = "$(TARGET_NAME)";
			};
			name = Release;
		};
/* End XCBuildConfiguration section */

/* Begin XCConfigurationList section */
		ABFB89B026CBB74D00842864 /* Build configuration list for PBXProject "OpenGL_Test29_IBL" */ = {
			isa = XCConfigurationList;
			buildConfigurations = (
				ABFB89BA26CBB74D00842864 /* Debug */,
				ABFB89BB26CBB74D00842864 /* Release */,
			);
			defaultConfigurationIsVisible = 0;
			defaultConfigurationName = Release;
		};
		ABFB89BC26CBB74D00842864 /* Build configuration list for PBXNativeTarget "OpenGL_Test29_IBL" */ = {
			isa = XCConfigurationList;
			buildConfigurations = (
				ABFB89BD26CBB74D00842864 /* Debug */,
				ABFB89BE26CBB74D00842864 /* Release */,
			);
			defaultConfigurationIsVisible = 0;
			defaultConfigurationName = Release;
		};
/* End XCConfigurationList section */
	};
	rootObject = ABFB89AD26CBB74D00842864 /* Project object */;
}
